
Microsoft Visual Studio Solution File, Format Version 12.00
# Visual Studio Version 17
VisualStudioVersion = 17.5.33530.505
MinimumVisualStudioVersion = 10.0.40219.1
Project("{9A19103F-16F7-4668-BE54-9A1E7A4F7556}") = "C#FIleINfo", "ConsoleApp3\C#FIleINfo.csproj", "{7F0F89C4-CC10-4BED-A8D5-C6BFDCA2B08A}"
EndProject
Global
	GlobalSection(SolutionConfigurationPlatforms) = preSolution
		Debug|Any CPU = Debug|Any CPU
		Release|Any CPU = Release|Any CPU
	EndGlobalSection
	GlobalSection(ProjectConfigurationPlatforms) = postSolution
		{7F0F89C4-CC10-4BED-A8D5-C6BFDCA2B08A}.Debug|Any CPU.ActiveCfg = Debug|Any CPU
		{7F0F89C4-CC10-4BED-A8D5-C6BFDCA2B08A}.Debug|Any CPU.Build.0 = Debug|Any CPU
		{7F0F89C4-CC10-4BED-A8D5-C6BFDCA2B08A}.Release|Any CPU.ActiveCfg = Release|Any CPU
		{7F0F89C4-CC10-4BED-A8D5-C6BFDCA2B08A}.Release|Any CPU.Build.0 = Release|Any CPU
	EndGlobalSection
	GlobalSection(SolutionProperties) = preSolution
		HideSolutionNode = FALSE
	EndGlobalSection
	GlobalSection(ExtensibilityGlobals) = postSolution
		SolutionGuid = {0DB14E8E-E92E-4D0B-9FC0-7651EE27C4AE}
	EndGlobalSection
EndGlobal
